PODS:
  - cloud_firestore (5.6.0):
    - Firebase/Firestore (= 11.6.0)
    - firebase_core
    - Flutter
  - cloud_functions (5.2.0):
    - Firebase/Functions (= 11.6.0)
    - firebase_core
    - Flutter
  - Firebase/Analytics (11.6.0):
    - Firebase/Core
  - Firebase/Auth (11.6.0):
    - Firebase/CoreOnly
    - FirebaseAuth (~> 11.6.0)
  - Firebase/Core (11.6.0):
    - Firebase/CoreOnly
    - FirebaseAnalytics (~> 11.6.0)
  - Firebase/CoreOnly (11.6.0):
    - FirebaseCore (~> 11.6.0)
  - Firebase/Crashlytics (11.6.0):
    - Firebase/CoreOnly
    - FirebaseCrashlytics (~> 11.6.0)
  - Firebase/Firestore (11.6.0):
    - Firebase/CoreOnly
    - FirebaseFirestore (~> 11.6.0)
  - Firebase/Functions (11.6.0):
    - Firebase/CoreOnly
    - FirebaseFunctions (~> 11.6.0)
  - Firebase/Messaging (11.6.0):
    - Firebase/CoreOnly
    - FirebaseMessaging (~> 11.6.0)
  - Firebase/RemoteConfig (11.6.0):
    - Firebase/CoreOnly
    - FirebaseRemoteConfig (~> 11.6.0)
  - Firebase/Storage (11.6.0):
    - Firebase/CoreOnly
    - FirebaseStorage (~> 11.6.0)
  - firebase_analytics (11.3.6):
    - Firebase/Analytics (= 11.6.0)
    - firebase_core
    - Flutter
  - firebase_auth (5.3.4):
    - Firebase/Auth (= 11.6.0)
    - firebase_core
    - Flutter
  - firebase_core (3.9.0):
    - Firebase/CoreOnly (= 11.6.0)
    - Flutter
  - firebase_crashlytics (4.2.0):
    - Firebase/Crashlytics (= 11.6.0)
    - firebase_core
    - Flutter
  - firebase_messaging (15.1.6):
    - Firebase/Messaging (= 11.6.0)
    - firebase_core
    - Flutter
  - firebase_remote_config (5.2.0):
    - Firebase/RemoteConfig (= 11.6.0)
    - firebase_core
    - Flutter
  - firebase_storage (12.3.7):
    - Firebase/Storage (= 11.6.0)
    - firebase_core
    - Flutter
  - FirebaseABTesting (11.6.0):
    - FirebaseCore (~> 11.6.0)
  - FirebaseAnalytics (11.6.0):
    - FirebaseAnalytics/AdIdSupport (= 11.6.0)
    - FirebaseCore (~> 11.6.0)
    - FirebaseInstallations (~> 11.0)
    - GoogleUtilities/AppDelegateSwizzler (~> 8.0)
    - GoogleUtilities/MethodSwizzler (~> 8.0)
    - GoogleUtilities/Network (~> 8.0)
    - "GoogleUtilities/NSData+zlib (~> 8.0)"
    - nanopb (~> 3.30910.0)
  - FirebaseAnalytics/AdIdSupport (11.6.0):
    - FirebaseCore (~> 11.6.0)
    - FirebaseInstallations (~> 11.0)
    - GoogleAppMeasurement (= 11.6.0)
    - GoogleUtilities/AppDelegateSwizzler (~> 8.0)
    - GoogleUtilities/MethodSwizzler (~> 8.0)
    - GoogleUtilities/Network (~> 8.0)
    - "GoogleUtilities/NSData+zlib (~> 8.0)"
    - nanopb (~> 3.30910.0)
  - FirebaseAppCheckInterop (11.6.0)
  - FirebaseAuth (11.6.0):
    - FirebaseAppCheckInterop (~> 11.0)
    - FirebaseAuthInterop (~> 11.0)
    - FirebaseCore (~> 11.6.0)
    - FirebaseCoreExtension (~> 11.6.0)
    - GoogleUtilities/AppDelegateSwizzler (~> 8.0)
    - GoogleUtilities/Environment (~> 8.0)
    - GTMSessionFetcher/Core (< 5.0, >= 3.4)
    - RecaptchaInterop (~> 100.0)
  - FirebaseAuthInterop (11.6.0)
  - FirebaseCore (11.6.0):
    - FirebaseCoreInternal (~> 11.6.0)
    - GoogleUtilities/Environment (~> 8.0)
    - GoogleUtilities/Logger (~> 8.0)
  - FirebaseCoreExtension (11.6.0):
    - FirebaseCore (~> 11.6.0)
  - FirebaseCoreInternal (11.6.0):
    - "GoogleUtilities/NSData+zlib (~> 8.0)"
  - FirebaseCrashlytics (11.6.0):
    - FirebaseCore (~> 11.6.0)
    - FirebaseInstallations (~> 11.0)
    - FirebaseRemoteConfigInterop (~> 11.0)
    - FirebaseSessions (~> 11.0)
    - GoogleDataTransport (~> 10.0)
    - GoogleUtilities/Environment (~> 8.0)
    - nanopb (~> 3.30910.0)
    - PromisesObjC (~> 2.4)
  - FirebaseFirestore (11.6.0):
    - FirebaseFirestoreBinary (= 11.6.0)
  - FirebaseFirestoreAbseilBinary (1.2024011602.0)
  - FirebaseFirestoreBinary (11.6.0):
    - FirebaseCore (= 11.6.0)
    - FirebaseCoreExtension (= 11.6.0)
    - FirebaseFirestoreInternalBinary (= 11.6.0)
    - FirebaseSharedSwift (= 11.6.0)
  - FirebaseFirestoreGRPCBoringSSLBinary (1.65.1)
  - FirebaseFirestoreGRPCCoreBinary (1.65.1):
    - FirebaseFirestoreAbseilBinary (= 1.2024011602.0)
    - FirebaseFirestoreGRPCBoringSSLBinary (= 1.65.1)
  - FirebaseFirestoreGRPCCPPBinary (1.65.1):
    - FirebaseFirestoreAbseilBinary (= 1.2024011602.0)
    - FirebaseFirestoreGRPCCoreBinary (= 1.65.1)
  - FirebaseFirestoreInternalBinary (11.6.0):
    - FirebaseCore (= 11.6.0)
    - FirebaseFirestoreAbseilBinary (= 1.2024011602.0)
    - FirebaseFirestoreGRPCCPPBinary (= 1.65.1)
    - leveldb-library (~> 1.22)
    - nanopb (~> 3.30910.0)
  - FirebaseFunctions (11.6.0):
    - FirebaseAppCheckInterop (~> 11.0)
    - FirebaseAuthInterop (~> 11.0)
    - FirebaseCore (~> 11.6.0)
    - FirebaseCoreExtension (~> 11.6.0)
    - FirebaseMessagingInterop (~> 11.0)
    - FirebaseSharedSwift (~> 11.0)
    - GTMSessionFetcher/Core (< 5.0, >= 3.4)
  - FirebaseInstallations (11.6.0):
    - FirebaseCore (~> 11.6.0)
    - GoogleUtilities/Environment (~> 8.0)
    - GoogleUtilities/UserDefaults (~> 8.0)
    - PromisesObjC (~> 2.4)
  - FirebaseMessaging (11.6.0):
    - FirebaseCore (~> 11.6.0)
    - FirebaseInstallations (~> 11.0)
    - GoogleDataTransport (~> 10.0)
    - GoogleUtilities/AppDelegateSwizzler (~> 8.0)
    - GoogleUtilities/Environment (~> 8.0)
    - GoogleUtilities/Reachability (~> 8.0)
    - GoogleUtilities/UserDefaults (~> 8.0)
    - nanopb (~> 3.30910.0)
  - FirebaseMessagingInterop (11.6.0)
  - FirebaseRemoteConfig (11.6.0):
    - FirebaseABTesting (~> 11.0)
    - FirebaseCore (~> 11.6.0)
    - FirebaseInstallations (~> 11.0)
    - FirebaseRemoteConfigInterop (~> 11.0)
    - FirebaseSharedSwift (~> 11.0)
    - GoogleUtilities/Environment (~> 8.0)
    - "GoogleUtilities/NSData+zlib (~> 8.0)"
  - FirebaseRemoteConfigInterop (11.6.0)
  - FirebaseSessions (11.6.0):
    - FirebaseCore (~> 11.6.0)
    - FirebaseCoreExtension (~> 11.6.0)
    - FirebaseInstallations (~> 11.0)
    - GoogleDataTransport (~> 10.0)
    - GoogleUtilities/Environment (~> 8.0)
    - GoogleUtilities/UserDefaults (~> 8.0)
    - nanopb (~> 3.30910.0)
    - PromisesSwift (~> 2.1)
  - FirebaseSharedSwift (11.6.0)
  - FirebaseStorage (11.6.0):
    - FirebaseAppCheckInterop (~> 11.0)
    - FirebaseAuthInterop (~> 11.0)
    - FirebaseCore (~> 11.6.0)
    - FirebaseCoreExtension (~> 11.6.0)
    - GoogleUtilities/Environment (~> 8.0)
    - GTMSessionFetcher/Core (< 5.0, >= 3.4)
  - Flutter (1.0.0)
  - geocoding_ios (1.0.5):
    - Flutter
  - GoogleAppMeasurement (11.6.0):
    - GoogleAppMeasurement/AdIdSupport (= 11.6.0)
    - GoogleUtilities/AppDelegateSwizzler (~> 8.0)
    - GoogleUtilities/MethodSwizzler (~> 8.0)
    - GoogleUtilities/Network (~> 8.0)
    - "GoogleUtilities/NSData+zlib (~> 8.0)"
    - nanopb (~> 3.30910.0)
  - GoogleAppMeasurement/AdIdSupport (11.6.0):
    - GoogleAppMeasurement/WithoutAdIdSupport (= 11.6.0)
    - GoogleUtilities/AppDelegateSwizzler (~> 8.0)
    - GoogleUtilities/MethodSwizzler (~> 8.0)
    - GoogleUtilities/Network (~> 8.0)
    - "GoogleUtilities/NSData+zlib (~> 8.0)"
    - nanopb (~> 3.30910.0)
  - GoogleAppMeasurement/WithoutAdIdSupport (11.6.0):
    - GoogleUtilities/AppDelegateSwizzler (~> 8.0)
    - GoogleUtilities/MethodSwizzler (~> 8.0)
    - GoogleUtilities/Network (~> 8.0)
    - "GoogleUtilities/NSData+zlib (~> 8.0)"
    - nanopb (~> 3.30910.0)
  - GoogleDataTransport (10.1.0):
    - nanopb (~> 3.30910.0)
    - PromisesObjC (~> 2.4)
  - GoogleUtilities/AppDelegateSwizzler (8.0.2):
    - GoogleUtilities/Environment
    - GoogleUtilities/Logger
    - GoogleUtilities/Network
    - GoogleUtilities/Privacy
  - GoogleUtilities/Environment (8.0.2):
    - GoogleUtilities/Privacy
  - GoogleUtilities/Logger (8.0.2):
    - GoogleUtilities/Environment
    - GoogleUtilities/Privacy
  - GoogleUtilities/MethodSwizzler (8.0.2):
    - GoogleUtilities/Logger
    - GoogleUtilities/Privacy
  - GoogleUtilities/Network (8.0.2):
    - GoogleUtilities/Logger
    - "GoogleUtilities/NSData+zlib"
    - GoogleUtilities/Privacy
    - GoogleUtilities/Reachability
  - "GoogleUtilities/NSData+zlib (8.0.2)":
    - GoogleUtilities/Privacy
  - GoogleUtilities/Privacy (8.0.2)
  - GoogleUtilities/Reachability (8.0.2):
    - GoogleUtilities/Logger
    - GoogleUtilities/Privacy
  - GoogleUtilities/UserDefaults (8.0.2):
    - GoogleUtilities/Logger
    - GoogleUtilities/Privacy
  - GTMSessionFetcher/Core (4.2.0)
  - image_cropper (0.0.4):
    - Flutter
    - TOCropViewController (~> 2.7.4)
  - image_picker_ios (0.0.1):
    - Flutter
  - in_app_review (2.0.0):
    - Flutter
  - integration_test (0.0.1):
    - Flutter
  - leveldb-library (1.22.6)
  - nanopb (3.30910.0):
    - nanopb/decode (= 3.30910.0)
    - nanopb/encode (= 3.30910.0)
  - nanopb/decode (3.30910.0)
  - nanopb/encode (3.30910.0)
  - package_info_plus (0.4.5):
    - Flutter
  - PromisesObjC (2.4.0)
  - PromisesSwift (2.4.0):
    - PromisesObjC (= 2.4.0)
  - purchases_flutter (5.8.2):
    - Flutter
    - PurchasesHybridCommon (= 6.3.2)
  - PurchasesHybridCommon (6.3.2):
    - RevenueCat (= 4.26.1)
  - RecaptchaInterop (100.0.0)
  - RevenueCat (4.26.1)
  - shared_preferences_foundation (0.0.1):
    - Flutter
    - FlutterMacOS
  - TOCropViewController (2.7.4)
  - url_launcher_ios (0.0.1):
    - Flutter

DEPENDENCIES:
  - cloud_firestore (from `.symlinks/plugins/cloud_firestore/ios`)
  - cloud_functions (from `.symlinks/plugins/cloud_functions/ios`)
  - firebase_analytics (from `.symlinks/plugins/firebase_analytics/ios`)
  - firebase_auth (from `.symlinks/plugins/firebase_auth/ios`)
  - firebase_core (from `.symlinks/plugins/firebase_core/ios`)
  - firebase_crashlytics (from `.symlinks/plugins/firebase_crashlytics/ios`)
  - firebase_messaging (from `.symlinks/plugins/firebase_messaging/ios`)
  - firebase_remote_config (from `.symlinks/plugins/firebase_remote_config/ios`)
  - firebase_storage (from `.symlinks/plugins/firebase_storage/ios`)
  - FirebaseFirestore (from `https://github.com/invertase/firestore-ios-sdk-frameworks.git`, tag `11.6.0`)
  - Flutter (from `Flutter`)
  - geocoding_ios (from `.symlinks/plugins/geocoding_ios/ios`)
  - image_cropper (from `.symlinks/plugins/image_cropper/ios`)
  - image_picker_ios (from `.symlinks/plugins/image_picker_ios/ios`)
  - in_app_review (from `.symlinks/plugins/in_app_review/ios`)
  - integration_test (from `.symlinks/plugins/integration_test/ios`)
  - package_info_plus (from `.symlinks/plugins/package_info_plus/ios`)
  - purchases_flutter (from `.symlinks/plugins/purchases_flutter/ios`)
  - shared_preferences_foundation (from `.symlinks/plugins/shared_preferences_foundation/darwin`)
  - url_launcher_ios (from `.symlinks/plugins/url_launcher_ios/ios`)

SPEC REPOS:
  trunk:
    - Firebase
    - FirebaseABTesting
    - FirebaseAnalytics
    - FirebaseAppCheckInterop
    - FirebaseAuth
    - FirebaseAuthInterop
    - FirebaseCore
    - FirebaseCoreExtension
    - FirebaseCoreInternal
    - FirebaseCrashlytics
    - FirebaseFirestoreAbseilBinary
    - FirebaseFirestoreBinary
    - FirebaseFirestoreGRPCBoringSSLBinary
    - FirebaseFirestoreGRPCCoreBinary
    - FirebaseFirestoreGRPCCPPBinary
    - FirebaseFirestoreInternalBinary
    - FirebaseFunctions
    - FirebaseInstallations
    - FirebaseMessaging
    - FirebaseMessagingInterop
    - FirebaseRemoteConfig
    - FirebaseRemoteConfigInterop
    - FirebaseSessions
    - FirebaseSharedSwift
    - FirebaseStorage
    - GoogleAppMeasurement
    - GoogleDataTransport
    - GoogleUtilities
    - GTMSessionFetcher
    - leveldb-library
    - nanopb
    - PromisesObjC
    - PromisesSwift
    - PurchasesHybridCommon
    - RecaptchaInterop
    - RevenueCat
    - TOCropViewController

EXTERNAL SOURCES:
  cloud_firestore:
    :path: ".symlinks/plugins/cloud_firestore/ios"
  cloud_functions:
    :path: ".symlinks/plugins/cloud_functions/ios"
  firebase_analytics:
    :path: ".symlinks/plugins/firebase_analytics/ios"
  firebase_auth:
    :path: ".symlinks/plugins/firebase_auth/ios"
  firebase_core:
    :path: ".symlinks/plugins/firebase_core/ios"
  firebase_crashlytics:
    :path: ".symlinks/plugins/firebase_crashlytics/ios"
  firebase_messaging:
    :path: ".symlinks/plugins/firebase_messaging/ios"
  firebase_remote_config:
    :path: ".symlinks/plugins/firebase_remote_config/ios"
  firebase_storage:
    :path: ".symlinks/plugins/firebase_storage/ios"
  FirebaseFirestore:
    :git: https://github.com/invertase/firestore-ios-sdk-frameworks.git
    :tag: 11.6.0
  Flutter:
    :path: Flutter
  geocoding_ios:
    :path: ".symlinks/plugins/geocoding_ios/ios"
  image_cropper:
    :path: ".symlinks/plugins/image_cropper/ios"
  image_picker_ios:
    :path: ".symlinks/plugins/image_picker_ios/ios"
  in_app_review:
    :path: ".symlinks/plugins/in_app_review/ios"
  integration_test:
    :path: ".symlinks/plugins/integration_test/ios"
  package_info_plus:
    :path: ".symlinks/plugins/package_info_plus/ios"
  purchases_flutter:
    :path: ".symlinks/plugins/purchases_flutter/ios"
  shared_preferences_foundation:
    :path: ".symlinks/plugins/shared_preferences_foundation/darwin"
  url_launcher_ios:
    :path: ".symlinks/plugins/url_launcher_ios/ios"

CHECKOUT OPTIONS:
  FirebaseFirestore:
    :git: https://github.com/invertase/firestore-ios-sdk-frameworks.git
    :tag: 11.6.0

SPEC CHECKSUMS:
  cloud_firestore: 4e400e0609faca03c9654ce2e850f52b49388f82
  cloud_functions: 72a3c15c65c5b103a00b274ddc377b716ed2b8e9
  Firebase: 374a441a91ead896215703a674d58cdb3e9d772b
  firebase_analytics: c2b131770f77b2f6b55f618342c898e9fb1a7c28
  firebase_auth: 1623c3c0b4d587c35f795181b83aacff03099b84
  firebase_core: bd721e8b848ede3048ad7be3cd735be948b64485
  firebase_crashlytics: 01935883b92ced5c6b4a2adca3a491186757bb7c
  firebase_messaging: 423f0b488a40be4e897213224f228929197e0d9f
  firebase_remote_config: a29f57f3bdc36aa54509daab1742b76e1c93d0c6
  firebase_storage: 4395729ceeff297f86fa779d00bf09fa2befea8b
  FirebaseABTesting: 663ece168d2d65a31f71603d71937e326020a887
  FirebaseAnalytics: 7114c698cac995602e3b1b96663473e50d54d6e7
  FirebaseAppCheckInterop: 347aa09a805219a31249b58fc956888e9fcb314b
  FirebaseAuth: 0304982cfe00df8d49bf533bc4becd3de36c7122
  FirebaseAuthInterop: a919d415797d23b7bfe195a04f322b86c65020ef
  FirebaseCore: 48b0dd707581cf9c1a1220da68223fb0a562afaa
  FirebaseCoreExtension: 2d77d6430c16cf43ca2b04608302ed02b3598361
  FirebaseCoreInternal: d98ab91e2d80a56d7b246856a8885443b302c0c2
  FirebaseCrashlytics: b21c665fb50138766480bce73ebdb1aa30f7f300
  FirebaseFirestore: 524de94a005218eba5ab0a4dd5edef926db79be5
  FirebaseFirestoreAbseilBinary: fa2ebd2ed02cadef5382e4f7c93f1b265c812c85
  FirebaseFirestoreBinary: 96ce9b31bec022bb3c2523a50960b1c3c45300dd
  FirebaseFirestoreGRPCBoringSSLBinary: d86ebbe2adc8d15d7ebf305fff7d6358385327f8
  FirebaseFirestoreGRPCCoreBinary: 472bd808e1886a5efb2fd03dd09b98d34641a335
  FirebaseFirestoreGRPCCPPBinary: db76d83d2b7517623f8426ed7f7a17bad2478084
  FirebaseFirestoreInternalBinary: 47b74704c71a5d37226709f70931c4f189a413d1
  FirebaseFunctions: 6c4f1d143d3dc6ca1b5d9f4e042408ede2eb1016
  FirebaseInstallations: efc0946fc756e4d22d8113f7c761948120322e8c
  FirebaseMessaging: e1aca1fcc23e8b9eddb0e33f375ff90944623021
  FirebaseMessagingInterop: d768073b71144b7bceadfec019d3dc49c743d53e
  FirebaseRemoteConfig: ee5161282c4e857ad81c0197cd8baec9d5dfef0e
  FirebaseRemoteConfigInterop: e75e348953352a000331eb77caf01e424248e176
  FirebaseSessions: 9529d14180868e29a8da164b3a729c036204918b
  FirebaseSharedSwift: a4e5dfca3e210633bb3a3dfb94176c019211948b
  FirebaseStorage: 52fb65a69d3e87675186881a08e2a5db86452ace
  Flutter: e0871f40cf51350855a761d2e70bf5af5b9b5de7
  geocoding_ios: d7460f56e80e118d57678efe5c2cdc888739ff18
  GoogleAppMeasurement: 6a9e6317b6a6d810ad03d4a66564ca6c4c5818a3
  GoogleDataTransport: aae35b7ea0c09004c3797d53c8c41f66f219d6a7
  GoogleUtilities: 26a3abef001b6533cf678d3eb38fd3f614b7872d
  GTMSessionFetcher: 4cb0aa086996858328a1fca61f9bfe81cfdfdfa9
  image_cropper: 37d40f62177c101ff4c164906d259ea2c3aa70cf
  image_picker_ios: c560581cceedb403a6ff17f2f816d7fea1421fc1
  in_app_review: a31b5257259646ea78e0e35fc914979b0031d011
  integration_test: 252f60fa39af5e17c3aa9899d35d908a0721b573
  leveldb-library: cc8b8f8e013647a295ad3f8cd2ddf49a6f19be19
  nanopb: fad817b59e0457d11a5dfbde799381cd727c1275
  package_info_plus: c0502532a26c7662a62a356cebe2692ec5fe4ec4
  PromisesObjC: f5707f49cb48b9636751c5b2e7d227e43fba9f47
  PromisesSwift: 9d77319bbe72ebf6d872900551f7eeba9bce2851
  purchases_flutter: 32697fa7b2aceb2af2dde25826c5f8b74021fcd1
  PurchasesHybridCommon: 98af59169dd9c418eac0725c43f02db92a643b79
  RecaptchaInterop: 7d1a4a01a6b2cb1610a47ef3f85f0c411434cb21
  RevenueCat: 4e8899a69fd57180ef166237d1eb670023be05de
  shared_preferences_foundation: fcdcbc04712aee1108ac7fda236f363274528f78
  TOCropViewController: 80b8985ad794298fb69d3341de183f33d1853654
  url_launcher_ios: 5334b05cef931de560670eeae103fd3e431ac3fe

PODFILE CHECKSUM: e64c596fe05d958390f6fe8c176cbc82a7f92e9a

COCOAPODS: 1.15.2
